
Microsoft Visual Studio Solution File, Format Version 12.00
# Visual Studio Version 16
VisualStudioVersion = 16.0.30523.141
MinimumVisualStudioVersion = 10.0.40219.1
Project("{8BC9CEB8-8B4A-11D0-8D11-00A0C91BC942}") = "lab1.1", "lab1.1.vcxproj", "{226074D4-BA99-45C1-A6CC-B4A43D9FEED3}"
EndProject
Project("{8BC9CEB8-8B4A-11D0-8D11-00A0C91BC942}") = "UnitTest1,1", "..\UnitTest1,1\UnitTest1,1.vcxproj", "{0D9029E2-D957-4A73-94E0-824AF55D323D}"
EndProject
Global
	GlobalSection(SolutionConfigurationPlatforms) = preSolution
		Debug|x64 = Debug|x64
		Debug|x86 = Debug|x86
		Release|x64 = Release|x64
		Release|x86 = Release|x86
	EndGlobalSection
	GlobalSection(ProjectConfigurationPlatforms) = postSolution
		{226074D4-BA99-45C1-A6CC-B4A43D9FEED3}.Debug|x64.ActiveCfg = Debug|x64
		{226074D4-BA99-45C1-A6CC-B4A43D9FEED3}.Debug|x64.Build.0 = Debug|x64
		{226074D4-BA99-45C1-A6CC-B4A43D9FEED3}.Debug|x86.ActiveCfg = Debug|Win32
		{226074D4-BA99-45C1-A6CC-B4A43D9FEED3}.Debug|x86.Build.0 = Debug|Win32
		{226074D4-BA99-45C1-A6CC-B4A43D9FEED3}.Release|x64.ActiveCfg = Release|x64
		{226074D4-BA99-45C1-A6CC-B4A43D9FEED3}.Release|x64.Build.0 = Release|x64
		{226074D4-BA99-45C1-A6CC-B4A43D9FEED3}.Release|x86.ActiveCfg = Release|Win32
		{226074D4-BA99-45C1-A6CC-B4A43D9FEED3}.Release|x86.Build.0 = Release|Win32
		{0D9029E2-D957-4A73-94E0-824AF55D323D}.Debug|x64.ActiveCfg = Debug|x64
		{0D9029E2-D957-4A73-94E0-824AF55D323D}.Debug|x64.Build.0 = Debug|x64
		{0D9029E2-D957-4A73-94E0-824AF55D323D}.Debug|x86.ActiveCfg = Debug|Win32
		{0D9029E2-D957-4A73-94E0-824AF55D323D}.Debug|x86.Build.0 = Debug|Win32
		{0D9029E2-D957-4A73-94E0-824AF55D323D}.Release|x64.ActiveCfg = Release|x64
		{0D9029E2-D957-4A73-94E0-824AF55D323D}.Release|x64.Build.0 = Release|x64
		{0D9029E2-D957-4A73-94E0-824AF55D323D}.Release|x86.ActiveCfg = Release|Win32
		{0D9029E2-D957-4A73-94E0-824AF55D323D}.Release|x86.Build.0 = Release|Win32
	EndGlobalSection
	GlobalSection(SolutionProperties) = preSolution
		HideSolutionNode = FALSE
	EndGlobalSection
	GlobalSection(ExtensibilityGlobals) = postSolution
		SolutionGuid = {3A758CFA-2430-4181-98FF-0C0282325C52}
	EndGlobalSection
EndGlobal
